
Microsoft Visual Studio Solution File, Format Version 12.00
# Visual Studio Version 17
VisualStudioVersion = 17.4.33403.182
MinimumVisualStudioVersion = 10.0.40219.1
Project("{9A19103F-16F7-4668-BE54-9A1E7A4F7556}") = "Bureau", "Bureau.csproj", "{AC3C4C22-2C0F-467E-A964-A92ADC8CEC20}"
EndProject
Project("{9A19103F-16F7-4668-BE54-9A1E7A4F7556}") = "Classes", "..\Classes\Classes.csproj", "{2EADD8F2-2950-4A16-BB46-188B02F818E4}"
EndProject
Global
	GlobalSection(SolutionConfigurationPlatforms) = preSolution
		Debug|Any CPU = Debug|Any CPU
		Release|Any CPU = Release|Any CPU
	EndGlobalSection
	GlobalSection(ProjectConfigurationPlatforms) = postSolution
		{AC3C4C22-2C0F-467E-A964-A92ADC8CEC20}.Debug|Any CPU.ActiveCfg = Debug|Any CPU
		{AC3C4C22-2C0F-467E-A964-A92ADC8CEC20}.Debug|Any CPU.Build.0 = Debug|Any CPU
		{AC3C4C22-2C0F-467E-A964-A92ADC8CEC20}.Release|Any CPU.ActiveCfg = Release|Any CPU
		{AC3C4C22-2C0F-467E-A964-A92ADC8CEC20}.Release|Any CPU.Build.0 = Release|Any CPU
		{2EADD8F2-2950-4A16-BB46-188B02F818E4}.Debug|Any CPU.ActiveCfg = Debug|Any CPU
		{2EADD8F2-2950-4A16-BB46-188B02F818E4}.Debug|Any CPU.Build.0 = Debug|Any CPU
		{2EADD8F2-2950-4A16-BB46-188B02F818E4}.Release|Any CPU.ActiveCfg = Release|Any CPU
		{2EADD8F2-2950-4A16-BB46-188B02F818E4}.Release|Any CPU.Build.0 = Release|Any CPU
	EndGlobalSection
	GlobalSection(SolutionProperties) = preSolution
		HideSolutionNode = FALSE
	EndGlobalSection
	GlobalSection(ExtensibilityGlobals) = postSolution
		SolutionGuid = {460ADC96-C7AF-421F-AEE2-A24AEB9091E2}
	EndGlobalSection
EndGlobal
